
Microsoft Visual Studio Solution File, Format Version 12.00
# Visual Studio Version 16
VisualStudioVersion = 16.0.30225.117
MinimumVisualStudioVersion = 10.0.40219.1
Project("{9A19103F-16F7-4668-BE54-9A1E7A4F7556}") = "Blazorships.Server", "Server\Blazorships.Server.csproj", "{ADAD71FA-02EB-466A-9F8B-54D241682DC8}"
EndProject
Project("{9A19103F-16F7-4668-BE54-9A1E7A4F7556}") = "Blazorships.Client", "Client\Blazorships.Client.csproj", "{F72993E4-FB98-44F3-9FF3-A1032FC10103}"
EndProject
Project("{9A19103F-16F7-4668-BE54-9A1E7A4F7556}") = "Blazorships.Shared", "Shared\Blazorships.Shared.csproj", "{438C21CA-9343-4DBA-B481-67CE50017F40}"
EndProject
Project("{2150E333-8FDC-42A3-9474-1A3956D46DE8}") = "Solution Items", "Solution Items", "{E3FA4217-63A0-4AF3-ABEF-3F7605335B3D}"
	ProjectSection(SolutionItems) = preProject
		.editorconfig = .editorconfig
	EndProjectSection
EndProject
Global
	GlobalSection(SolutionConfigurationPlatforms) = preSolution
		Debug|Any CPU = Debug|Any CPU
		Release|Any CPU = Release|Any CPU
	EndGlobalSection
	GlobalSection(ProjectConfigurationPlatforms) = postSolution
		{ADAD71FA-02EB-466A-9F8B-54D241682DC8}.Debug|Any CPU.ActiveCfg = Debug|Any CPU
		{ADAD71FA-02EB-466A-9F8B-54D241682DC8}.Debug|Any CPU.Build.0 = Debug|Any CPU
		{ADAD71FA-02EB-466A-9F8B-54D241682DC8}.Release|Any CPU.ActiveCfg = Release|Any CPU
		{ADAD71FA-02EB-466A-9F8B-54D241682DC8}.Release|Any CPU.Build.0 = Release|Any CPU
		{F72993E4-FB98-44F3-9FF3-A1032FC10103}.Debug|Any CPU.ActiveCfg = Debug|Any CPU
		{F72993E4-FB98-44F3-9FF3-A1032FC10103}.Debug|Any CPU.Build.0 = Debug|Any CPU
		{F72993E4-FB98-44F3-9FF3-A1032FC10103}.Release|Any CPU.ActiveCfg = Release|Any CPU
		{F72993E4-FB98-44F3-9FF3-A1032FC10103}.Release|Any CPU.Build.0 = Release|Any CPU
		{438C21CA-9343-4DBA-B481-67CE50017F40}.Debug|Any CPU.ActiveCfg = Debug|Any CPU
		{438C21CA-9343-4DBA-B481-67CE50017F40}.Debug|Any CPU.Build.0 = Debug|Any CPU
		{438C21CA-9343-4DBA-B481-67CE50017F40}.Release|Any CPU.ActiveCfg = Release|Any CPU
		{438C21CA-9343-4DBA-B481-67CE50017F40}.Release|Any CPU.Build.0 = Release|Any CPU
	EndGlobalSection
	GlobalSection(SolutionProperties) = preSolution
		HideSolutionNode = FALSE
	EndGlobalSection
	GlobalSection(ExtensibilityGlobals) = postSolution
		SolutionGuid = {0833A5DC-288C-4DC6-B9B1-204AACF10756}
	EndGlobalSection
EndGlobal
